# THIS IS AN AUTOGENERATED FILE. DO NOT EDIT THIS FILE DIRECTLY.
# yarn lockfile v1


argparse@^1.0.7:
  version "1.0.9"
  resolved "https://registry.npmjs.org/argparse/-/argparse-1.0.9.tgz#73d83bc263f86e97f8cc4f6bae1b0e90a7d22c86"
  dependencies:
    sprintf-js "~1.0.2"

call-me-maybe@^1.0.1:
  version "1.0.1"
  resolved "https://registry.npmjs.org/call-me-maybe/-/call-me-maybe-1.0.1.tgz#26d208ea89e37b5cbde60250a15f031c16a4d66b"

commander@^2.7.1:
  version "2.9.0"
  resolved "https://registry.npmjs.org/commander/-/commander-2.9.0.tgz#9c99094176e12240cb22d6c5146098400fe0f7d4"
  dependencies:
    graceful-readlink ">= 1.0.0"

debug@^2.2.0:
  version "2.6.4"
  resolved "https://registry.npmjs.org/debug/-/debug-2.6.4.tgz#7586a9b3c39741c0282ae33445c4e8ac74734fe0"
  dependencies:
    ms "0.7.3"

egg-path-matching@^1.0.0:
  version "1.0.0"
  resolved "https://registry.npmjs.org/egg-path-matching/-/egg-path-matching-1.0.0.tgz#9c4c1b83056e2741705806e29907449b6d109c05"
  dependencies:
    path-to-regexp "^1.7.0"

es6-promise@^3.0.2:
  version "3.3.1"
  resolved "https://registry.npmjs.org/es6-promise/-/es6-promise-3.3.1.tgz#a08cdde84ccdbf34d027a1451bc91d4bcd28a613"

esprima@^3.1.1:
  version "3.1.3"
  resolved "https://registry.npmjs.org/esprima/-/esprima-3.1.3.tgz#fdca51cee6133895e3c88d535ce49dbff62a4633"

"graceful-readlink@>= 1.0.0":
  version "1.0.1"
  resolved "https://registry.npmjs.org/graceful-readlink/-/graceful-readlink-1.0.1.tgz#4cafad76bc62f02fa039b2f94e9a3dd3a391a725"

isarray@0.0.1:
  version "0.0.1"
  resolved "https://registry.npmjs.org/isarray/-/isarray-0.0.1.tgz#8a18acfca9a8f4177e09abfc6038939b05d1eedf"

js-yaml@^3.4.6:
  version "3.8.3"
  resolved "https://registry.npmjs.org/js-yaml/-/js-yaml-3.8.3.tgz#33a05ec481c850c8875929166fe1beb61c728766"
  dependencies:
    argparse "^1.0.7"
    esprima "^3.1.1"

json-schema-ref-parser@^1.4.1:
  version "1.4.1"
  resolved "https://registry.npmjs.org/json-schema-ref-parser/-/json-schema-ref-parser-1.4.1.tgz#c0c2e438bf0796723b02451bae8bc7dd0b37fed0"
  dependencies:
    call-me-maybe "^1.0.1"
    debug "^2.2.0"
    es6-promise "^3.0.2"
    js-yaml "^3.4.6"
    ono "^2.0.1"

lodash.get@^4.1.2:
  version "4.4.2"
  resolved "https://registry.npmjs.org/lodash.get/-/lodash.get-4.4.2.tgz#2d177f652fa31e939b4438d5341499dfa3825e99"

lodash.isempty@^4.4.0:
  version "4.4.0"
  resolved "https://registry.npmjs.org/lodash.isempty/-/lodash.isempty-4.4.0.tgz#6f86cbedd8be4ec987be9aaf33c9684db1b31e7e"

lodash.isequal@^4.4.0:
  version "4.5.0"
  resolved "https://registry.npmjs.org/lodash.isequal/-/lodash.isequal-4.5.0.tgz#415c4478f2bcc30120c22ce10ed3226f7d3e18e0"

ms@0.7.3:
  version "0.7.3"
  resolved "https://registry.npmjs.org/ms/-/ms-0.7.3.tgz#708155a5e44e33f5fd0fc53e81d0d40a91be1fff"

ono@^2.0.1:
  version "2.2.4"
  resolved "https://registry.npmjs.org/ono/-/ono-2.2.4.tgz#f6c1d9ea64da07a54863986535da3de67e502696"

path-to-regexp@^1.7.0:
  version "1.7.0"
  resolved "https://registry.npmjs.org/path-to-regexp/-/path-to-regexp-1.7.0.tgz#59fde0f435badacba103a84e9d3bc64e96b9937d"
  dependencies:
    isarray "0.0.1"

sprintf-js@~1.0.2:
  version "1.0.3"
  resolved "https://registry.npmjs.org/sprintf-js/-/sprintf-js-1.0.3.tgz#04e6926f662895354f3dd015203633b857297e2c"

swagger-methods@^1.0.0:
  version "1.0.0"
  resolved "https://registry.npmjs.org/swagger-methods/-/swagger-methods-1.0.0.tgz#b39c77957d305a6535c0a1e015081185b99d61fc"

swagger-parser@^3.4.1:
  version "3.4.1"
  resolved "https://registry.npmjs.org/swagger-parser/-/swagger-parser-3.4.1.tgz#0290529dbae254d178b442a95df60d23d142301d"
  dependencies:
    call-me-maybe "^1.0.1"
    debug "^2.2.0"
    es6-promise "^3.0.2"
    json-schema-ref-parser "^1.4.1"
    ono "^2.0.1"
    swagger-methods "^1.0.0"
    swagger-schema-official "2.0.0-bab6bed"
    z-schema "^3.16.1"

swagger-schema-official@2.0.0-bab6bed:
  version "2.0.0-bab6bed"
  resolved "https://registry.npmjs.org/swagger-schema-official/-/swagger-schema-official-2.0.0-bab6bed.tgz#70070468d6d2977ca5237b2e519ca7d06a2ea3fd"

validator@^6.0.0:
  version "6.3.0"
  resolved "https://registry.npmjs.org/validator/-/validator-6.3.0.tgz#47ce23ed8d4eaddfa9d4b8ef0071b6cf1078d7c8"

z-schema@^3.16.1:
  version "3.18.2"
  resolved "https://registry.npmjs.org/z-schema/-/z-schema-3.18.2.tgz#e422196b5efe60b46adef3c3f2aef2deaa911161"
  dependencies:
    lodash.get "^4.1.2"
    lodash.isequal "^4.4.0"
    validator "^6.0.0"
  optionalDependencies:
    commander "^2.7.1"
